// !$*UTF8*$!
{
	archiveVersion = 1;
	classes = {
	};
	objectVersion = 45;
	objects = {

/* Begin PBXAggregateTarget section */
		D4A8F5B610130CD2004A3DAB /* Build Distribution */ = {
			isa = PBXAggregateTarget;
			buildConfigurationList = D4A8F5B910130CDD004A3DAB /* Build configuration list for PBXAggregateTarget "Build Distribution" */;
			buildPhases = (
				D4A8F5B510130CD2004A3DAB /* Build Disk Image */,
			);
			dependencies = (
				D4A8F5C410130D46004A3DAB /* PBXTargetDependency */,
			);
			name = "Build Distribution";
			productName = "Disk Image";
		};
/* End PBXAggregateTarget section */

/* Begin PBXBuildFile section */
		8D5B49B4048680CD000E48DA /* Cocoa.framework in Frameworks */ = {isa = PBXBuildFile; fileRef = 1058C7ADFEA557BF11CA2CBB /* Cocoa.framework */; };
		D4DAA2E81010351E00D38425 /* SystemUIPlugin.framework in Frameworks */ = {isa = PBXBuildFile; fileRef = D4DAA2E71010351E00D38425 /* SystemUIPlugin.framework */; };
		D4DAA2F31010371700D38425 /* MenuCracker.icns in Resources */ = {isa = PBXBuildFile; fileRef = D4DAA2F21010371400D38425 /* MenuCracker.icns */; };
		D4DAA33710104FBC00D38425 /* MenuCracker.m in Sources */ = {isa = PBXBuildFile; fileRef = D4DAA33610104FBC00D38425 /* MenuCracker.m */; };
/* End PBXBuildFile section */

/* Begin PBXContainerItemProxy section */
		D4A8F5C310130D46004A3DAB /* PBXContainerItemProxy */ = {
			isa = PBXContainerItemProxy;
			containerPortal = 089C1669FE841209C02AAC07 /* Project object */;
			proxyType = 1;
			remoteGlobalIDString = 8D5B49AC048680CD000E48DA;
			remoteInfo = MenuCracker;
		};
/* End PBXContainerItemProxy section */

/* Begin PBXFileReference section */
		1058C7ADFEA557BF11CA2CBB /* Cocoa.framework */ = {isa = PBXFileReference; lastKnownFileType = wrapper.framework; name = Cocoa.framework; path = /System/Library/Frameworks/Cocoa.framework; sourceTree = "<absolute>"; };
		8D5B49B6048680CD000E48DA /* MenuCracker.menu */ = {isa = PBXFileReference; explicitFileType = wrapper.cfbundle; includeInIndex = 0; path = MenuCracker.menu; sourceTree = BUILT_PRODUCTS_DIR; };
		D4A8F5621012F9D5004A3DAB /* Artistic License.rtf */ = {isa = PBXFileReference; lastKnownFileType = text.rtf; path = "Artistic License.rtf"; sourceTree = "<group>"; };
		D4A8F59B10130B52004A3DAB /* Read Me.rtf */ = {isa = PBXFileReference; lastKnownFileType = text.rtf; path = "Read Me.rtf"; sourceTree = "<group>"; };
		D4DAA2E71010351E00D38425 /* SystemUIPlugin.framework */ = {isa = PBXFileReference; lastKnownFileType = wrapper.framework; name = SystemUIPlugin.framework; path = /System/Library/PrivateFrameworks/SystemUIPlugin.framework; sourceTree = "<absolute>"; };
		D4DAA2F11010371400D38425 /* Info.plist */ = {isa = PBXFileReference; fileEncoding = 4; lastKnownFileType = text.plist.xml; path = Info.plist; sourceTree = "<group>"; };
		D4DAA2F21010371400D38425 /* MenuCracker.icns */ = {isa = PBXFileReference; lastKnownFileType = image.icns; path = MenuCracker.icns; sourceTree = "<group>"; };
		D4DAA33610104FBC00D38425 /* MenuCracker.m */ = {isa = PBXFileReference; fileEncoding = 4; lastKnownFileType = sourcecode.c.objc; path = MenuCracker.m; sourceTree = "<group>"; };
/* End PBXFileReference section */

/* Begin PBXFrameworksBuildPhase section */
		8D5B49B3048680CD000E48DA /* Frameworks */ = {
			isa = PBXFrameworksBuildPhase;
			buildActionMask = 2147483647;
			files = (
				8D5B49B4048680CD000E48DA /* Cocoa.framework in Frameworks */,
				D4DAA2E81010351E00D38425 /* SystemUIPlugin.framework in Frameworks */,
			);
			runOnlyForDeploymentPostprocessing = 0;
		};
/* End PBXFrameworksBuildPhase section */

/* Begin PBXGroup section */
		089C166AFE841209C02AAC07 /* MenuCracker */ = {
			isa = PBXGroup;
			children = (
				D4DAA33610104FBC00D38425 /* MenuCracker.m */,
				D4A8F59B10130B52004A3DAB /* Read Me.rtf */,
				D4A8F5621012F9D5004A3DAB /* Artistic License.rtf */,
				D4DAA2F01010371400D38425 /* Resources */,
				089C1671FE841209C02AAC07 /* Frameworks */,
				19C28FB8FE9D52D311CA2CBB /* Products */,
			);
			name = MenuCracker;
			sourceTree = "<group>";
		};
		089C1671FE841209C02AAC07 /* Frameworks */ = {
			isa = PBXGroup;
			children = (
				1058C7ADFEA557BF11CA2CBB /* Cocoa.framework */,
				D4DAA2E71010351E00D38425 /* SystemUIPlugin.framework */,
			);
			name = Frameworks;
			sourceTree = "<group>";
		};
		19C28FB8FE9D52D311CA2CBB /* Products */ = {
			isa = PBXGroup;
			children = (
				8D5B49B6048680CD000E48DA /* MenuCracker.menu */,
			);
			name = Products;
			sourceTree = "<group>";
		};
		D4DAA2F01010371400D38425 /* Resources */ = {
			isa = PBXGroup;
			children = (
				D4DAA2F11010371400D38425 /* Info.plist */,
				D4DAA2F21010371400D38425 /* MenuCracker.icns */,
			);
			path = Resources;
			sourceTree = "<group>";
		};
/* End PBXGroup section */

/* Begin PBXNativeTarget section */
		8D5B49AC048680CD000E48DA /* MenuCracker */ = {
			isa = PBXNativeTarget;
			buildConfigurationList = 1DEB913A08733D840010E9CD /* Build configuration list for PBXNativeTarget "MenuCracker" */;
			buildPhases = (
				8D5B49AF048680CD000E48DA /* Resources */,
				8D5B49B1048680CD000E48DA /* Sources */,
				8D5B49B3048680CD000E48DA /* Frameworks */,
				D4DAA30610103AAC00D38425 /* Fix Custom Icon */,
			);
			buildRules = (
			);
			dependencies = (
			);
			name = MenuCracker;
			productInstallPath = "$(HOME)/Library/Bundles";
			productName = MenuCracker;
			productReference = 8D5B49B6048680CD000E48DA /* MenuCracker.menu */;
			productType = "com.apple.product-type.bundle";
		};
/* End PBXNativeTarget section */

/* Begin PBXProject section */
		089C1669FE841209C02AAC07 /* Project object */ = {
			isa = PBXProject;
			buildConfigurationList = 1DEB913E08733D840010E9CD /* Build configuration list for PBXProject "MenuCracker" */;
			compatibilityVersion = "Xcode 3.1";
			developmentRegion = English;
			hasScannedForEncodings = 1;
			knownRegions = (
				English,
				Japanese,
				French,
				German,
			);
			mainGroup = 089C166AFE841209C02AAC07 /* MenuCracker */;
			projectDirPath = "";
			projectRoot = "";
			targets = (
				8D5B49AC048680CD000E48DA /* MenuCracker */,
				D4A8F5B610130CD2004A3DAB /* Build Distribution */,
			);
		};
/* End PBXProject section */

/* Begin PBXResourcesBuildPhase section */
		8D5B49AF048680CD000E48DA /* Resources */ = {
			isa = PBXResourcesBuildPhase;
			buildActionMask = 2147483647;
			files = (
				D4DAA2F31010371700D38425 /* MenuCracker.icns in Resources */,
			);
			runOnlyForDeploymentPostprocessing = 0;
		};
/* End PBXResourcesBuildPhase section */

/* Begin PBXShellScriptBuildPhase section */
		D4A8F5B510130CD2004A3DAB /* Build Disk Image */ = {
			isa = PBXShellScriptBuildPhase;
			buildActionMask = 2147483647;
			files = (
			);
			inputPaths = (
			);
			name = "Build Disk Image";
			outputPaths = (
			);
			runOnlyForDeploymentPostprocessing = 0;
			shellPath = /bin/sh;
			shellScript = "# Simple disk image builder for MenuCracker\n\n# Handle clean (doesn't actually get called in current Xcode versions)\nif [[ \"$ACTION\" = \"clean\" ]]; then\n\trm \"$CONFIGURATION_BUILD_DIR/MenuCracker-*.dmg\"\n\texit 0;\nfi\n\n# Don't deal with any other actions\nif [[ \"$ACTION\" != \"build\" ]]; then\n\texit 0;\nfi\n\n# Guaranteed a clean build (DERIVED_FILE_DIR is for this target only)\nif [[ -e \"$DERIVED_FILE_DIR\" ]]; then\n\trm -rf \"$DERIVED_FILE_DIR\"\nfi\nmkdir -p \"$DERIVED_FILE_DIR\"\n\n# Get version\nVERSION=`defaults read \"$CONFIGURATION_BUILD_DIR/MenuCracker.menu/Contents/Info\" CFBundleVersion`\n\n# Copy files\ncp -R \"$CONFIGURATION_BUILD_DIR/MenuCracker.menu\" \"$DERIVED_FILE_DIR\"\ncp \"$SRCROOT/Artistic License.rtf\" \"$DERIVED_FILE_DIR\"\ncp \"$SRCROOT/Read Me.rtf\" \"$DERIVED_FILE_DIR\"\n\n# Clean misc litter\nfind -d \"$DERIVED_FILE_DIR\" -name .DS_Store -delete\nfind -d \"$DERIVED_FILE_DIR\" -name \"*.pbxuser\" -delete\nfind -d \"$DERIVED_FILE_DIR\" -name \"*.mode*\" -delete\nfind -d \"$DERIVED_FILE_DIR\" -name pbdevelopment.plist -delete\nfind -d \"$DERIVED_FILE_DIR\" -type d -name CVS -delete\n\n# Build disk image\nif [[ -e \"$CONFIGURATION_BUILD_DIR/MenuCracker-$VERSION.dmg\" ]]; then\n\trm \"$CONFIGURATION_BUILD_DIR/MenuCracker-$VERSION.dmg\"\nfi\nhdiutil create -srcfolder \"$DERIVED_FILE_DIR\" -volname \"MenuCracker $VERSION\" -uid 99 -gid 99 \"$CONFIGURATION_BUILD_DIR/MenuCracker-$VERSION.dmg\"\n";
		};
		D4DAA30610103AAC00D38425 /* Fix Custom Icon */ = {
			isa = PBXShellScriptBuildPhase;
			buildActionMask = 2147483647;
			files = (
			);
			inputPaths = (
			);
			name = "Fix Custom Icon";
			outputPaths = (
			);
			runOnlyForDeploymentPostprocessing = 0;
			shellPath = /bin/sh;
			shellScript = "# Bundles don't honor the CFBundleIcon we set but we can use that info to\n# create a custom Finder icon. Replaces \"SetFolderIcon\" in the old source,\n# which didn't actually generate valid icon files with the current icns file.\n# Rez hackery from http://www.cocoadev.com/index.pl?HowToSetACustomIconWithRez\n\nif [[ \"$ACTION\" != \"build\" ]]; then\n\texit 0;\nfi\n\nmkdir -p \"$DERIVED_FILE_DIR\"\nICON_FILE=`defaults read \"$CONFIGURATION_BUILD_DIR/$FULL_PRODUCT_NAME/Contents/Info\" CFBundleIconFile`\ncp \"$CONFIGURATION_BUILD_DIR/$FULL_PRODUCT_NAME/Contents/Resources/$ICON_FILE\" \"$DERIVED_FILE_DIR\"\ncd \"$DERIVED_FILE_DIR\"\necho \"read 'icns' (-16455) \\\"$ICON_FILE\\\";\" > $ICON_FILE.r\nRez -o `printf \"$CONFIGURATION_BUILD_DIR/$FULL_PRODUCT_NAME/Icon\\r\"` $ICON_FILE.r\nSetFile -a \"C\" \"$CONFIGURATION_BUILD_DIR/$FULL_PRODUCT_NAME\"\n";
		};
/* End PBXShellScriptBuildPhase section */

/* Begin PBXSourcesBuildPhase section */
		8D5B49B1048680CD000E48DA /* Sources */ = {
			isa = PBXSourcesBuildPhase;
			buildActionMask = 2147483647;
			files = (
				D4DAA33710104FBC00D38425 /* MenuCracker.m in Sources */,
			);
			runOnlyForDeploymentPostprocessing = 0;
		};
/* End PBXSourcesBuildPhase section */

/* Begin PBXTargetDependency section */
		D4A8F5C410130D46004A3DAB /* PBXTargetDependency */ = {
			isa = PBXTargetDependency;
			target = 8D5B49AC048680CD000E48DA /* MenuCracker */;
			targetProxy = D4A8F5C310130D46004A3DAB /* PBXContainerItemProxy */;
		};
/* End PBXTargetDependency section */

/* Begin XCBuildConfiguration section */
		1DEB913B08733D840010E9CD /* Debug */ = {
			isa = XCBuildConfiguration;
			buildSettings = {
				INFOPLIST_FILE = Resources/Info.plist;
				PRODUCT_NAME = MenuCracker;
				WRAPPER_EXTENSION = menu;
			};
			name = Debug;
		};
		1DEB913C08733D840010E9CD /* Release */ = {
			isa = XCBuildConfiguration;
			buildSettings = {
				INFOPLIST_FILE = Resources/Info.plist;
				PRODUCT_NAME = MenuCracker;
				WRAPPER_EXTENSION = menu;
			};
			name = Release;
		};
		1DEB913F08733D840010E9CD /* Debug */ = {
			isa = XCBuildConfiguration;
			buildSettings = {
				ARCHS = "$(ARCHS_STANDARD_32_64_BIT)";
				FRAMEWORK_SEARCH_PATHS = "\"$(SYSTEM_LIBRARY_DIR)/PrivateFrameworks\"";
				GCC_C_LANGUAGE_STANDARD = c99;
				GCC_OPTIMIZATION_LEVEL = 0;
				GCC_VERSION = 4.2;
				GCC_WARN_ABOUT_DEPRECATED_FUNCTIONS = NO;
				PREBINDING = NO;
				SDKROOT = macosx10.6;
				WARNING_CFLAGS = (
					"-Wall",
					"-Werror",
					"-Wshorten-64-to-32",
				);
			};
			name = Debug;
		};
		1DEB914008733D840010E9CD /* Release */ = {
			isa = XCBuildConfiguration;
			buildSettings = {
				ARCHS = "$(ARCHS_STANDARD_32_64_BIT)";
				DEAD_CODE_STRIPPING = YES;
				FRAMEWORK_SEARCH_PATHS = "\"$(SYSTEM_LIBRARY_DIR)/PrivateFrameworks\"";
				GCC_C_LANGUAGE_STANDARD = c99;
				GCC_GENERATE_DEBUGGING_SYMBOLS = NO;
				GCC_OPTIMIZATION_LEVEL = s;
				GCC_VERSION = 4.2;
				GCC_WARN_ABOUT_DEPRECATED_FUNCTIONS = NO;
				PREBINDING = NO;
				SDKROOT = macosx10.6;
				WARNING_CFLAGS = (
					"-Wall",
					"-Werror",
					"-Wshorten-64-to-32",
				);
			};
			name = Release;
		};
		D4A8F5B710130CD2004A3DAB /* Debug */ = {
			isa = XCBuildConfiguration;
			buildSettings = {
				COPY_PHASE_STRIP = NO;
				GCC_DYNAMIC_NO_PIC = NO;
				GCC_OPTIMIZATION_LEVEL = 0;
				PRODUCT_NAME = "Disk Image";
			};
			name = Debug;
		};
		D4A8F5B810130CD2004A3DAB /* Release */ = {
			isa = XCBuildConfiguration;
			buildSettings = {
				COPY_PHASE_STRIP = YES;
				DEBUG_INFORMATION_FORMAT = "dwarf-with-dsym";
				GCC_ENABLE_FIX_AND_CONTINUE = NO;
				PRODUCT_NAME = "Disk Image";
				ZERO_LINK = NO;
			};
			name = Release;
		};
/* End XCBuildConfiguration section */

/* Begin XCConfigurationList section */
		1DEB913A08733D840010E9CD /* Build configuration list for PBXNativeTarget "MenuCracker" */ = {
			isa = XCConfigurationList;
			buildConfigurations = (
				1DEB913B08733D840010E9CD /* Debug */,
				1DEB913C08733D840010E9CD /* Release */,
			);
			defaultConfigurationIsVisible = 0;
			defaultConfigurationName = Release;
		};
		1DEB913E08733D840010E9CD /* Build configuration list for PBXProject "MenuCracker" */ = {
			isa = XCConfigurationList;
			buildConfigurations = (
				1DEB913F08733D840010E9CD /* Debug */,
				1DEB914008733D840010E9CD /* Release */,
			);
			defaultConfigurationIsVisible = 0;
			defaultConfigurationName = Release;
		};
		D4A8F5B910130CDD004A3DAB /* Build configuration list for PBXAggregateTarget "Build Distribution" */ = {
			isa = XCConfigurationList;
			buildConfigurations = (
				D4A8F5B710130CD2004A3DAB /* Debug */,
				D4A8F5B810130CD2004A3DAB /* Release */,
			);
			defaultConfigurationIsVisible = 0;
			defaultConfigurationName = Release;
		};
/* End XCConfigurationList section */
	};
	rootObject = 089C1669FE841209C02AAC07 /* Project object */;
}
